
Microsoft Visual Studio Solution File, Format Version 12.00
# Visual Studio Version 17
VisualStudioVersion = 17.13.35913.81
MinimumVisualStudioVersion = 10.0.40219.1
Project("{FAE04EC0-301F-11D3-BF4B-00C04F79EFBC}") = "CestaFeira.API", "CestaFeira.API\CestaFeira.API.csproj", "{142F7873-2D6C-4F60-9E2B-76A15F2DBDC7}"
EndProject
Project("{FAE04EC0-301F-11D3-BF4B-00C04F79EFBC}") = "CestaFeira.Domain", "CestaFeira.Domain\CestaFeira.Domain.csproj", "{7E332E09-25D1-45FB-922C-A1758D55FECC}"
EndProject
Project("{FAE04EC0-301F-11D3-BF4B-00C04F79EFBC}") = "CestaFeira.Application", "CestaFeira.Application\CestaFeira.Application.csproj", "{D685326C-C8FD-402A-B708-39357641005A}"
EndProject
Project("{FAE04EC0-301F-11D3-BF4B-00C04F79EFBC}") = "CestaFeira.Infra", "CestaFeira.Infra\CestaFeira.Infra.csproj", "{8E828CAE-A972-45A0-BE2D-EABCFA308BBF}"
EndProject
Project("{FAE04EC0-301F-11D3-BF4B-00C04F79EFBC}") = "CestaFeira.Testes", "CestaFeira.Testes\CestaFeira.Testes.csproj", "{FC8850AD-DED5-4398-B142-4CEAD3FEF160}"
EndProject
Global
	GlobalSection(SolutionConfigurationPlatforms) = preSolution
		Debug|Any CPU = Debug|Any CPU
		Release|Any CPU = Release|Any CPU
	EndGlobalSection
	GlobalSection(ProjectConfigurationPlatforms) = postSolution
		{142F7873-2D6C-4F60-9E2B-76A15F2DBDC7}.Debug|Any CPU.ActiveCfg = Debug|Any CPU
		{142F7873-2D6C-4F60-9E2B-76A15F2DBDC7}.Release|Any CPU.ActiveCfg = Release|Any CPU
		{142F7873-2D6C-4F60-9E2B-76A15F2DBDC7}.Release|Any CPU.Build.0 = Release|Any CPU
		{7E332E09-25D1-45FB-922C-A1758D55FECC}.Debug|Any CPU.ActiveCfg = Debug|Any CPU
		{7E332E09-25D1-45FB-922C-A1758D55FECC}.Release|Any CPU.ActiveCfg = Release|Any CPU
		{7E332E09-25D1-45FB-922C-A1758D55FECC}.Release|Any CPU.Build.0 = Release|Any CPU
		{D685326C-C8FD-402A-B708-39357641005A}.Debug|Any CPU.ActiveCfg = Debug|Any CPU
		{D685326C-C8FD-402A-B708-39357641005A}.Release|Any CPU.ActiveCfg = Release|Any CPU
		{D685326C-C8FD-402A-B708-39357641005A}.Release|Any CPU.Build.0 = Release|Any CPU
		{8E828CAE-A972-45A0-BE2D-EABCFA308BBF}.Debug|Any CPU.ActiveCfg = Debug|Any CPU
		{8E828CAE-A972-45A0-BE2D-EABCFA308BBF}.Release|Any CPU.ActiveCfg = Release|Any CPU
		{8E828CAE-A972-45A0-BE2D-EABCFA308BBF}.Release|Any CPU.Build.0 = Release|Any CPU
		{FC8850AD-DED5-4398-B142-4CEAD3FEF160}.Debug|Any CPU.ActiveCfg = Debug|Any CPU
		{FC8850AD-DED5-4398-B142-4CEAD3FEF160}.Debug|Any CPU.Build.0 = Debug|Any CPU
		{FC8850AD-DED5-4398-B142-4CEAD3FEF160}.Release|Any CPU.ActiveCfg = Release|Any CPU
		{FC8850AD-DED5-4398-B142-4CEAD3FEF160}.Release|Any CPU.Build.0 = Release|Any CPU
	EndGlobalSection
	GlobalSection(SolutionProperties) = preSolution
		HideSolutionNode = FALSE
	EndGlobalSection
	GlobalSection(ExtensibilityGlobals) = postSolution
		SolutionGuid = {F93017D8-08B9-42EA-AE27-4D6EA5CF3F71}
	EndGlobalSection
EndGlobal
